
Microsoft Visual Studio Solution File, Format Version 12.00
# Visual Studio Version 17
VisualStudioVersion = 17.13.35825.156
MinimumVisualStudioVersion = 10.0.40219.1
Project("{FAE04EC0-301F-11D3-BF4B-00C04F79EFBC}") = "ChengShaozuProject3", "FuRuixin1201Project3CLSWindowsFormsApp2\ChengShaozuProject3.csproj", "{FA344478-CB81-4218-8396-59A6AF6125F6}"
EndProject
Global
	GlobalSection(SolutionConfigurationPlatforms) = preSolution
		Debug|Any CPU = Debug|Any CPU
		Release|Any CPU = Release|Any CPU
	EndGlobalSection
	GlobalSection(ProjectConfigurationPlatforms) = postSolution
		{FA344478-CB81-4218-8396-59A6AF6125F6}.Debug|Any CPU.ActiveCfg = Debug|Any CPU
		{FA344478-CB81-4218-8396-59A6AF6125F6}.Debug|Any CPU.Build.0 = Debug|Any CPU
		{FA344478-CB81-4218-8396-59A6AF6125F6}.Release|Any CPU.ActiveCfg = Release|Any CPU
		{FA344478-CB81-4218-8396-59A6AF6125F6}.Release|Any CPU.Build.0 = Release|Any CPU
	EndGlobalSection
	GlobalSection(SolutionProperties) = preSolution
		HideSolutionNode = FALSE
	EndGlobalSection
	GlobalSection(ExtensibilityGlobals) = postSolution
		SolutionGuid = {27004127-26FB-4AA7-B1AA-85D2460C844B}
	EndGlobalSection
EndGlobal
